
Microsoft Visual Studio Solution File, Format Version 12.00
# Visual Studio Version 17
VisualStudioVersion = 17.6.33712.159
MinimumVisualStudioVersion = 10.0.40219.1
Project("{9A19103F-16F7-4668-BE54-9A1E7A4F7556}") = "OnlineBookStoreAPI", "OnlineBookStoreAPI\OnlineBookStoreAPI.csproj", "{688374FB-AB4A-4640-BB95-5F817F40D996}"
EndProject
Project("{9A19103F-16F7-4668-BE54-9A1E7A4F7556}") = "OnlineBookStoreAPI.Data", "OnlineBookStoreAPI.Data\OnlineBookStoreAPI.Data.csproj", "{8AF3754C-3360-4957-A986-38E4FD2D2D50}"
EndProject
Project("{FAE04EC0-301F-11D3-BF4B-00C04F79EFBC}") = "OnlineBookStoreAPI.Business", "OnlineBookStoreAPI.Business\OnlineBookStoreAPI.Business.csproj", "{C3798958-EF0D-473A-A06B-6D67B6705A9F}"
EndProject
Global
	GlobalSection(SolutionConfigurationPlatforms) = preSolution
		Debug|Any CPU = Debug|Any CPU
		Release|Any CPU = Release|Any CPU
	EndGlobalSection
	GlobalSection(ProjectConfigurationPlatforms) = postSolution
		{688374FB-AB4A-4640-BB95-5F817F40D996}.Debug|Any CPU.ActiveCfg = Debug|Any CPU
		{688374FB-AB4A-4640-BB95-5F817F40D996}.Debug|Any CPU.Build.0 = Debug|Any CPU
		{688374FB-AB4A-4640-BB95-5F817F40D996}.Release|Any CPU.ActiveCfg = Release|Any CPU
		{688374FB-AB4A-4640-BB95-5F817F40D996}.Release|Any CPU.Build.0 = Release|Any CPU
		{8AF3754C-3360-4957-A986-38E4FD2D2D50}.Debug|Any CPU.ActiveCfg = Debug|Any CPU
		{8AF3754C-3360-4957-A986-38E4FD2D2D50}.Debug|Any CPU.Build.0 = Debug|Any CPU
		{8AF3754C-3360-4957-A986-38E4FD2D2D50}.Release|Any CPU.ActiveCfg = Release|Any CPU
		{8AF3754C-3360-4957-A986-38E4FD2D2D50}.Release|Any CPU.Build.0 = Release|Any CPU
		{C3798958-EF0D-473A-A06B-6D67B6705A9F}.Debug|Any CPU.ActiveCfg = Debug|Any CPU
		{C3798958-EF0D-473A-A06B-6D67B6705A9F}.Debug|Any CPU.Build.0 = Debug|Any CPU
		{C3798958-EF0D-473A-A06B-6D67B6705A9F}.Release|Any CPU.ActiveCfg = Release|Any CPU
		{C3798958-EF0D-473A-A06B-6D67B6705A9F}.Release|Any CPU.Build.0 = Release|Any CPU
	EndGlobalSection
	GlobalSection(SolutionProperties) = preSolution
		HideSolutionNode = FALSE
	EndGlobalSection
	GlobalSection(ExtensibilityGlobals) = postSolution
		SolutionGuid = {3DC8730C-409A-45FE-8AD8-721A46D7AB8E}
	EndGlobalSection
EndGlobal
